{
  "name": "sek",
  "version": "0.1.0",
  "lockfileVersion": 3,
  "requires": true,
  "packages": {
    "": {
      "name": "sek",
      "version": "0.1.0",
      "license": "UNLICENSED",
      "bin": {
        "sek": "bin/sek.js"
      },
      "engines": {
        "node": ">=18"
      }
    }
  }
}
